{
  "requires": true,
  "lockfileVersion": 1,
  "dependencies": {
    "grapick": {
      "version": "0.1.7",
      "resolved": "https://registry.npmjs.org/grapick/-/grapick-0.1.7.tgz",
      "integrity": "sha512-KBmxOrjSUvYYznxZU2CCvep43d7oQcynhmxf/iHawnxe52sUcUdwapwHYIfQcaNuF4kGYl6hKujNuuc6Sw9BsA==",
      "requires": {
        "tiny-emitter": "^2.0.2"
      }
    },
    "tiny-emitter": {
      "version": "2.1.0",
      "resolved": "https://registry.npmjs.org/tiny-emitter/-/tiny-emitter-2.1.0.tgz",
      "integrity": "sha512-NB6Dk1A9xgQPMoGqC5CVXn123gWyte215ONT5Pp5a0yt4nlEoO1ZWeCwpncaekPHXO60i47ihFnZPiRPjRMq4Q=="
    }
  }
}
